
Microsoft Visual Studio Solution File, Format Version 12.00
# Visual Studio Version 17
VisualStudioVersion = 17.4.33213.308
MinimumVisualStudioVersion = 10.0.40219.1
Project("{9A19103F-16F7-4668-BE54-9A1E7A4F7556}") = "IMAL_FIN_TRX", "IMAL_FIN_TRX.csproj", "{474B4BAF-4DA8-4A51-993E-3E19A2E2DB15}"
EndProject
Global
	GlobalSection(SolutionConfigurationPlatforms) = preSolution
		Debug|Any CPU = Debug|Any CPU
		Release|Any CPU = Release|Any CPU
	EndGlobalSection
	GlobalSection(ProjectConfigurationPlatforms) = postSolution
		{474B4BAF-4DA8-4A51-993E-3E19A2E2DB15}.Debug|Any CPU.ActiveCfg = Debug|Any CPU
		{474B4BAF-4DA8-4A51-993E-3E19A2E2DB15}.Debug|Any CPU.Build.0 = Debug|Any CPU
		{474B4BAF-4DA8-4A51-993E-3E19A2E2DB15}.Release|Any CPU.ActiveCfg = Release|Any CPU
		{474B4BAF-4DA8-4A51-993E-3E19A2E2DB15}.Release|Any CPU.Build.0 = Release|Any CPU
	EndGlobalSection
	GlobalSection(SolutionProperties) = preSolution
		HideSolutionNode = FALSE
	EndGlobalSection
	GlobalSection(ExtensibilityGlobals) = postSolution
		SolutionGuid = {B5E323B9-7E4E-4A6A-A1AA-C7FC34441440}
	EndGlobalSection
EndGlobal
